<?xml version="1.0" encoding="utf-8"?>
<Project ToolsVersion="4.0" xmlns="http://schemas.microsoft.com/developer/msbuild/2003">
  <ItemGroup>
    <Filter Include="Source Files">
      <UniqueIdentifier>{4FC737F1-C7A5-4376-A066-2A32D752A2FF}</UniqueIdentifier>
      <Extensions>cpp;c;cc;cxx;c++;cppm;ixx;def;odl;idl;hpj;bat;asm;asmx</Extensions>
    </Filter>
    <Filter Include="Header Files">
      <UniqueIdentifier>{93995380-89BD-4b04-88EB-625FBE52EBFB}</UniqueIdentifier>
      <Extensions>h;hh;hpp;hxx;h++;hm;inl;inc;ipp;xsd</Extensions>
    </Filter>
    <Filter Include="Resource Files">
      <UniqueIdentifier>{67DA6AB6-F800-4c08-8B7A-83BB121AAD01}</UniqueIdentifier>
      <Extensions>rc;ico;cur;bmp;dlg;rc2;rct;bin;rgs;gif;jpg;jpeg;jpe;resx;tiff;tif;png;wav;mfcribbon-ms</Extensions>
    </Filter>
  </ItemGroup>
  <ItemGroup>
    <ClCompile Include="..\alu.cc">
      <Filter>Source Files</Filter>
    </ClCompile>
    <ClCompile Include="..\config-file.cc">
      <Filter>Source Files</Filter>
    </ClCompile>
    <ClCompile Include="..\elf-file.cc">
      <Filter>Source Files</Filter>
    </ClCompile>
    <ClCompile Include="..\framebuffer.cc">
      <Filter>Source Files</Filter>
    </ClCompile>
    <ClCompile Include="..\inst-decoder.cc">
      <Filter>Source Files</Filter>
    </ClCompile>
    <ClCompile Include="..\inst-formatter.cc">
      <Filter>Source Files</Filter>
    </ClCompile>
    <ClCompile Include="..\main.cc">
      <Filter>Source Files</Filter>
    </ClCompile>
    <ClCompile Include="..\memory.cc">
      <Filter>Source Files</Filter>
    </ClCompile>
    <ClCompile Include="..\memory-bus.cc">
      <Filter>Source Files</Filter>
    </ClCompile>
    <ClCompile Include="..\memory-control.cc">
      <Filter>Source Files</Filter>
    </ClCompile>
    <ClCompile Include="..\processor.cc">
      <Filter>Source Files</Filter>
    </ClCompile>
    <ClCompile Include="..\serial.cc">
      <Filter>Source Files</Filter>
    </ClCompile>
    <ClCompile Include="..\stages.cc">
      <Filter>Source Files</Filter>
    </ClCompile>
    <ClCompile Include="..\sys-status.cc">
      <Filter>Source Files</Filter>
    </ClCompile>
    <ClCompile Include="XGetopt.cpp">
      <Filter>Source Files</Filter>
    </ClCompile>
  </ItemGroup>
  <ItemGroup>
    <ClInclude Include="..\alu.h">
      <Filter>Header Files</Filter>
    </ClInclude>
    <ClInclude Include="..\arch.h">
      <Filter>Header Files</Filter>
    </ClInclude>
    <ClInclude Include="..\config-file.h">
      <Filter>Header Files</Filter>
    </ClInclude>
    <ClInclude Include="..\elf.h">
      <Filter>Header Files</Filter>
    </ClInclude>
    <ClInclude Include="..\elf-file.h">
      <Filter>Header Files</Filter>
    </ClInclude>
    <ClInclude Include="..\framebuffer.h">
      <Filter>Header Files</Filter>
    </ClInclude>
    <ClInclude Include="..\inst-decoder.h">
      <Filter>Header Files</Filter>
    </ClInclude>
    <ClInclude Include="..\memory.h">
      <Filter>Header Files</Filter>
    </ClInclude>
    <ClInclude Include="..\memory-bus.h">
      <Filter>Header Files</Filter>
    </ClInclude>
    <ClInclude Include="..\memory-control.h">
      <Filter>Header Files</Filter>
    </ClInclude>
    <ClInclude Include="..\memory-interface.h">
      <Filter>Header Files</Filter>
    </ClInclude>
    <ClInclude Include="..\mux.h">
      <Filter>Header Files</Filter>
    </ClInclude>
    <ClInclude Include="..\processor.h">
      <Filter>Header Files</Filter>
    </ClInclude>
    <ClInclude Include="..\reg-file.h">
      <Filter>Header Files</Filter>
    </ClInclude>
    <ClInclude Include="..\serial.h">
      <Filter>Header Files</Filter>
    </ClInclude>
    <ClInclude Include="..\stages.h">
      <Filter>Header Files</Filter>
    </ClInclude>
    <ClInclude Include="..\sys-status.h">
      <Filter>Header Files</Filter>
    </ClInclude>
    <ClInclude Include="XGetopt.h">
      <Filter>Header Files</Filter>
    </ClInclude>
  </ItemGroup>
</Project>
